
Microsoft Visual Studio Solution File, Format Version 12.00
# Visual Studio Version 17
VisualStudioVersion = 17.9.34723.18
MinimumVisualStudioVersion = 10.0.40219.1
Project("{FAE04EC0-301F-11D3-BF4B-00C04F79EFBC}") = "Motel", "Motel\Motel.csproj", "{5DA4379E-88B0-4303-A206-63D60FBB87D0}"
EndProject
Global
	GlobalSection(SolutionConfigurationPlatforms) = preSolution
		Debug|Any CPU = Debug|Any CPU
		Release|Any CPU = Release|Any CPU
	EndGlobalSection
	GlobalSection(ProjectConfigurationPlatforms) = postSolution
		{5DA4379E-88B0-4303-A206-63D60FBB87D0}.Debug|Any CPU.ActiveCfg = Debug|Any CPU
		{5DA4379E-88B0-4303-A206-63D60FBB87D0}.Debug|Any CPU.Build.0 = Debug|Any CPU
		{5DA4379E-88B0-4303-A206-63D60FBB87D0}.Release|Any CPU.ActiveCfg = Release|Any CPU
		{5DA4379E-88B0-4303-A206-63D60FBB87D0}.Release|Any CPU.Build.0 = Release|Any CPU
	EndGlobalSection
	GlobalSection(SolutionProperties) = preSolution
		HideSolutionNode = FALSE
	EndGlobalSection
	GlobalSection(ExtensibilityGlobals) = postSolution
		SolutionGuid = {B6020F65-9877-4771-B6BF-42CEC35E4FB6}
	EndGlobalSection
EndGlobal
